PODS:
  - FutureQ (0.0.1)
  - PromiseKit/CorePromise (6.8.4)
  - PromisesObjC (1.2.8)
  - PromisesSwift (1.2.8):
    - PromisesObjC (= 1.2.8)

DEPENDENCIES:
  - FutureQ (from `../FutureQ.podspec`)
  - PromiseKit/CorePromise
  - PromisesSwift

SPEC REPOS:
  https://github.com/cocoapods/specs.git:
    - PromiseKit
    - PromisesObjC
    - PromisesSwift

EXTERNAL SOURCES:
  FutureQ:
    :path: "../FutureQ.podspec"

SPEC CHECKSUMS:
  FutureQ: ad4d8b081984556fce077232d2a5003d89bea9d4
  PromiseKit: 51794a832647e7b819336dc2279039ce9f1cc49b
  PromisesObjC: c119f3cd559f50b7ae681fa59dc1acd19173b7e6
  PromisesSwift: 37bad6f4daddb02f7c9c531efe91e8b21c13ee2f

PODFILE CHECKSUM: 39397e554c9bb3f6fa788c0625bb459397c4703d

COCOAPODS: 1.6.1
