// !$*UTF8*$!
{
	archiveVersion = 1;
	classes = {
	};
	objectVersion = 50;
	objects = {

/* Begin PBXBuildFile section */
		598D7EDFEEC99967E04F96D7 /* Pods_benchmark.framework in Frameworks */ = {isa = PBXBuildFile; fileRef = CD7B4564D42608B52DB930ED /* Pods_benchmark.framework */; };
		6692AF0F22A0379300302912 /* main.swift in Sources */ = {isa = PBXBuildFile; fileRef = 6692AF0E22A0379300302912 /* main.swift */; };
		6692AF2322A039BF00302912 /* FutureQ.swift in Sources */ = {isa = PBXBuildFile; fileRef = 6692AF1F22A039BF00302912 /* FutureQ.swift */; };
		6692AF2422A039BF00302912 /* Dispatch.swift in Sources */ = {isa = PBXBuildFile; fileRef = 6692AF2022A039BF00302912 /* Dispatch.swift */; };
		6692AF2522A039BF00302912 /* Promises.swift in Sources */ = {isa = PBXBuildFile; fileRef = 6692AF2122A039BF00302912 /* Promises.swift */; };
		6692AF2622A039BF00302912 /* PromiseKit.swift in Sources */ = {isa = PBXBuildFile; fileRef = 6692AF2222A039BF00302912 /* PromiseKit.swift */; };
/* End PBXBuildFile section */

/* Begin PBXCopyFilesBuildPhase section */
		6692AF0922A0379300302912 /* CopyFiles */ = {
			isa = PBXCopyFilesBuildPhase;
			buildActionMask = 2147483647;
			dstPath = /usr/share/man/man1/;
			dstSubfolderSpec = 0;
			files = (
			);
			runOnlyForDeploymentPostprocessing = 1;
		};
/* End PBXCopyFilesBuildPhase section */

/* Begin PBXFileReference section */
		35B28DC97C5F097E2FC8A503 /* Pods-benchmark.debug.xcconfig */ = {isa = PBXFileReference; includeInIndex = 1; lastKnownFileType = text.xcconfig; name = "Pods-benchmark.debug.xcconfig"; path = "Target Support Files/Pods-benchmark/Pods-benchmark.debug.xcconfig"; sourceTree = "<group>"; };
		6692AF0B22A0379300302912 /* benchmark */ = {isa = PBXFileReference; explicitFileType = "compiled.mach-o.executable"; includeInIndex = 0; path = benchmark; sourceTree = BUILT_PRODUCTS_DIR; };
		6692AF0E22A0379300302912 /* main.swift */ = {isa = PBXFileReference; lastKnownFileType = sourcecode.swift; path = main.swift; sourceTree = "<group>"; };
		6692AF1F22A039BF00302912 /* FutureQ.swift */ = {isa = PBXFileReference; fileEncoding = 4; lastKnownFileType = sourcecode.swift; path = FutureQ.swift; sourceTree = "<group>"; };
		6692AF2022A039BF00302912 /* Dispatch.swift */ = {isa = PBXFileReference; fileEncoding = 4; lastKnownFileType = sourcecode.swift; path = Dispatch.swift; sourceTree = "<group>"; };
		6692AF2122A039BF00302912 /* Promises.swift */ = {isa = PBXFileReference; fileEncoding = 4; lastKnownFileType = sourcecode.swift; path = Promises.swift; sourceTree = "<group>"; };
		6692AF2222A039BF00302912 /* PromiseKit.swift */ = {isa = PBXFileReference; fileEncoding = 4; lastKnownFileType = sourcecode.swift; path = PromiseKit.swift; sourceTree = "<group>"; };
		CD7B4564D42608B52DB930ED /* Pods_benchmark.framework */ = {isa = PBXFileReference; explicitFileType = wrapper.framework; includeInIndex = 0; path = Pods_benchmark.framework; sourceTree = BUILT_PRODUCTS_DIR; };
		E16076F6377E3B05C76D0ED1 /* Pods-benchmark.release.xcconfig */ = {isa = PBXFileReference; includeInIndex = 1; lastKnownFileType = text.xcconfig; name = "Pods-benchmark.release.xcconfig"; path = "Target Support Files/Pods-benchmark/Pods-benchmark.release.xcconfig"; sourceTree = "<group>"; };
/* End PBXFileReference section */

/* Begin PBXFrameworksBuildPhase section */
		6692AF0822A0379300302912 /* Frameworks */ = {
			isa = PBXFrameworksBuildPhase;
			buildActionMask = 2147483647;
			files = (
				598D7EDFEEC99967E04F96D7 /* Pods_benchmark.framework in Frameworks */,
			);
			runOnlyForDeploymentPostprocessing = 0;
		};
/* End PBXFrameworksBuildPhase section */

/* Begin PBXGroup section */
		1FE03A3DD92C17F09466A5EA /* Pods */ = {
			isa = PBXGroup;
			children = (
				35B28DC97C5F097E2FC8A503 /* Pods-benchmark.debug.xcconfig */,
				E16076F6377E3B05C76D0ED1 /* Pods-benchmark.release.xcconfig */,
			);
			path = Pods;
			sourceTree = "<group>";
		};
		6692AF0222A0379300302912 = {
			isa = PBXGroup;
			children = (
				6692AF0D22A0379300302912 /* benchmark */,
				6692AF0C22A0379300302912 /* Products */,
				1FE03A3DD92C17F09466A5EA /* Pods */,
				DF7E7065A68E75AB50ABCE2F /* Frameworks */,
			);
			sourceTree = "<group>";
		};
		6692AF0C22A0379300302912 /* Products */ = {
			isa = PBXGroup;
			children = (
				6692AF0B22A0379300302912 /* benchmark */,
			);
			name = Products;
			sourceTree = "<group>";
		};
		6692AF0D22A0379300302912 /* benchmark */ = {
			isa = PBXGroup;
			children = (
				6692AF1E22A039BF00302912 /* src */,
				6692AF0E22A0379300302912 /* main.swift */,
			);
			path = benchmark;
			sourceTree = "<group>";
		};
		6692AF1E22A039BF00302912 /* src */ = {
			isa = PBXGroup;
			children = (
				6692AF1F22A039BF00302912 /* FutureQ.swift */,
				6692AF2022A039BF00302912 /* Dispatch.swift */,
				6692AF2122A039BF00302912 /* Promises.swift */,
				6692AF2222A039BF00302912 /* PromiseKit.swift */,
			);
			path = src;
			sourceTree = "<group>";
		};
		DF7E7065A68E75AB50ABCE2F /* Frameworks */ = {
			isa = PBXGroup;
			children = (
				CD7B4564D42608B52DB930ED /* Pods_benchmark.framework */,
			);
			name = Frameworks;
			sourceTree = "<group>";
		};
/* End PBXGroup section */

/* Begin PBXNativeTarget section */
		6692AF0A22A0379300302912 /* benchmark */ = {
			isa = PBXNativeTarget;
			buildConfigurationList = 6692AF1222A0379300302912 /* Build configuration list for PBXNativeTarget "benchmark" */;
			buildPhases = (
				7DD26E17E28A5B8AF6694F51 /* [CP] Check Pods Manifest.lock */,
				6692AF0722A0379300302912 /* Sources */,
				6692AF0822A0379300302912 /* Frameworks */,
				6692AF0922A0379300302912 /* CopyFiles */,
			);
			buildRules = (
			);
			dependencies = (
			);
			name = benchmark;
			productName = benchmark;
			productReference = 6692AF0B22A0379300302912 /* benchmark */;
			productType = "com.apple.product-type.tool";
		};
/* End PBXNativeTarget section */

/* Begin PBXProject section */
		6692AF0322A0379300302912 /* Project object */ = {
			isa = PBXProject;
			attributes = {
				LastSwiftUpdateCheck = 1020;
				LastUpgradeCheck = 1020;
				ORGANIZATIONNAME = "Quentin Jin";
				TargetAttributes = {
					6692AF0A22A0379300302912 = {
						CreatedOnToolsVersion = 10.2.1;
					};
				};
			};
			buildConfigurationList = 6692AF0622A0379300302912 /* Build configuration list for PBXProject "benchmark" */;
			compatibilityVersion = "Xcode 9.3";
			developmentRegion = en;
			hasScannedForEncodings = 0;
			knownRegions = (
				en,
			);
			mainGroup = 6692AF0222A0379300302912;
			productRefGroup = 6692AF0C22A0379300302912 /* Products */;
			projectDirPath = "";
			projectRoot = "";
			targets = (
				6692AF0A22A0379300302912 /* benchmark */,
			);
		};
/* End PBXProject section */

/* Begin PBXShellScriptBuildPhase section */
		7DD26E17E28A5B8AF6694F51 /* [CP] Check Pods Manifest.lock */ = {
			isa = PBXShellScriptBuildPhase;
			buildActionMask = 2147483647;
			files = (
			);
			inputFileListPaths = (
			);
			inputPaths = (
				"${PODS_PODFILE_DIR_PATH}/Podfile.lock",
				"${PODS_ROOT}/Manifest.lock",
			);
			name = "[CP] Check Pods Manifest.lock";
			outputFileListPaths = (
			);
			outputPaths = (
				"$(DERIVED_FILE_DIR)/Pods-benchmark-checkManifestLockResult.txt",
			);
			runOnlyForDeploymentPostprocessing = 0;
			shellPath = /bin/sh;
			shellScript = "diff \"${PODS_PODFILE_DIR_PATH}/Podfile.lock\" \"${PODS_ROOT}/Manifest.lock\" > /dev/null\nif [ $? != 0 ] ; then\n    # print error to STDERR\n    echo \"error: The sandbox is not in sync with the Podfile.lock. Run 'pod install' or update your CocoaPods installation.\" >&2\n    exit 1\nfi\n# This output is used by Xcode 'outputs' to avoid re-running this script phase.\necho \"SUCCESS\" > \"${SCRIPT_OUTPUT_FILE_0}\"\n";
			showEnvVarsInLog = 0;
		};
/* End PBXShellScriptBuildPhase section */

/* Begin PBXSourcesBuildPhase section */
		6692AF0722A0379300302912 /* Sources */ = {
			isa = PBXSourcesBuildPhase;
			buildActionMask = 2147483647;
			files = (
				6692AF2422A039BF00302912 /* Dispatch.swift in Sources */,
				6692AF2622A039BF00302912 /* PromiseKit.swift in Sources */,
				6692AF2322A039BF00302912 /* FutureQ.swift in Sources */,
				6692AF0F22A0379300302912 /* main.swift in Sources */,
				6692AF2522A039BF00302912 /* Promises.swift in Sources */,
			);
			runOnlyForDeploymentPostprocessing = 0;
		};
/* End PBXSourcesBuildPhase section */

/* Begin XCBuildConfiguration section */
		6692AF1022A0379300302912 /* Debug */ = {
			isa = XCBuildConfiguration;
			buildSettings = {
				ALWAYS_SEARCH_USER_PATHS = NO;
				CLANG_ANALYZER_NONNULL = YES;
				CLANG_ANALYZER_NUMBER_OBJECT_CONVERSION = YES_AGGRESSIVE;
				CLANG_CXX_LANGUAGE_STANDARD = "gnu++14";
				CLANG_CXX_LIBRARY = "libc++";
				CLANG_ENABLE_MODULES = YES;
				CLANG_ENABLE_OBJC_ARC = YES;
				CLANG_ENABLE_OBJC_WEAK = YES;
				CLANG_WARN_BLOCK_CAPTURE_AUTORELEASING = YES;
				CLANG_WARN_BOOL_CONVERSION = YES;
				CLANG_WARN_COMMA = YES;
				CLANG_WARN_CONSTANT_CONVERSION = YES;
				CLANG_WARN_DEPRECATED_OBJC_IMPLEMENTATIONS = YES;
				CLANG_WARN_DIRECT_OBJC_ISA_USAGE = YES_ERROR;
				CLANG_WARN_DOCUMENTATION_COMMENTS = YES;
				CLANG_WARN_EMPTY_BODY = YES;
				CLANG_WARN_ENUM_CONVERSION = YES;
				CLANG_WARN_INFINITE_RECURSION = YES;
				CLANG_WARN_INT_CONVERSION = YES;
				CLANG_WARN_NON_LITERAL_NULL_CONVERSION = YES;
				CLANG_WARN_OBJC_IMPLICIT_RETAIN_SELF = YES;
				CLANG_WARN_OBJC_LITERAL_CONVERSION = YES;
				CLANG_WARN_OBJC_ROOT_CLASS = YES_ERROR;
				CLANG_WARN_RANGE_LOOP_ANALYSIS = YES;
				CLANG_WARN_STRICT_PROTOTYPES = YES;
				CLANG_WARN_SUSPICIOUS_MOVE = YES;
				CLANG_WARN_UNGUARDED_AVAILABILITY = YES_AGGRESSIVE;
				CLANG_WARN_UNREACHABLE_CODE = YES;
				CLANG_WARN__DUPLICATE_METHOD_MATCH = YES;
				CODE_SIGN_IDENTITY = "-";
				COPY_PHASE_STRIP = NO;
				DEBUG_INFORMATION_FORMAT = dwarf;
				ENABLE_STRICT_OBJC_MSGSEND = YES;
				ENABLE_TESTABILITY = YES;
				GCC_C_LANGUAGE_STANDARD = gnu11;
				GCC_DYNAMIC_NO_PIC = NO;
				GCC_NO_COMMON_BLOCKS = YES;
				GCC_OPTIMIZATION_LEVEL = 0;
				GCC_PREPROCESSOR_DEFINITIONS = (
					"DEBUG=1",
					"$(inherited)",
				);
				GCC_WARN_64_TO_32_BIT_CONVERSION = YES;
				GCC_WARN_ABOUT_RETURN_TYPE = YES_ERROR;
				GCC_WARN_UNDECLARED_SELECTOR = YES;
				GCC_WARN_UNINITIALIZED_AUTOS = YES_AGGRESSIVE;
				GCC_WARN_UNUSED_FUNCTION = YES;
				GCC_WARN_UNUSED_VARIABLE = YES;
				MACOSX_DEPLOYMENT_TARGET = 10.14;
				MTL_ENABLE_DEBUG_INFO = INCLUDE_SOURCE;
				MTL_FAST_MATH = YES;
				ONLY_ACTIVE_ARCH = YES;
				SDKROOT = macosx;
				SWIFT_ACTIVE_COMPILATION_CONDITIONS = DEBUG;
				SWIFT_OPTIMIZATION_LEVEL = "-Onone";
			};
			name = Debug;
		};
		6692AF1122A0379300302912 /* Release */ = {
			isa = XCBuildConfiguration;
			buildSettings = {
				ALWAYS_SEARCH_USER_PATHS = NO;
				CLANG_ANALYZER_NONNULL = YES;
				CLANG_ANALYZER_NUMBER_OBJECT_CONVERSION = YES_AGGRESSIVE;
				CLANG_CXX_LANGUAGE_STANDARD = "gnu++14";
				CLANG_CXX_LIBRARY = "libc++";
				CLANG_ENABLE_MODULES = YES;
				CLANG_ENABLE_OBJC_ARC = YES;
				CLANG_ENABLE_OBJC_WEAK = YES;
				CLANG_WARN_BLOCK_CAPTURE_AUTORELEASING = YES;
				CLANG_WARN_BOOL_CONVERSION = YES;
				CLANG_WARN_COMMA = YES;
				CLANG_WARN_CONSTANT_CONVERSION = YES;
				CLANG_WARN_DEPRECATED_OBJC_IMPLEMENTATIONS = YES;
				CLANG_WARN_DIRECT_OBJC_ISA_USAGE = YES_ERROR;
				CLANG_WARN_DOCUMENTATION_COMMENTS = YES;
				CLANG_WARN_EMPTY_BODY = YES;
				CLANG_WARN_ENUM_CONVERSION = YES;
				CLANG_WARN_INFINITE_RECURSION = YES;
				CLANG_WARN_INT_CONVERSION = YES;
				CLANG_WARN_NON_LITERAL_NULL_CONVERSION = YES;
				CLANG_WARN_OBJC_IMPLICIT_RETAIN_SELF = YES;
				CLANG_WARN_OBJC_LITERAL_CONVERSION = YES;
				CLANG_WARN_OBJC_ROOT_CLASS = YES_ERROR;
				CLANG_WARN_RANGE_LOOP_ANALYSIS = YES;
				CLANG_WARN_STRICT_PROTOTYPES = YES;
				CLANG_WARN_SUSPICIOUS_MOVE = YES;
				CLANG_WARN_UNGUARDED_AVAILABILITY = YES_AGGRESSIVE;
				CLANG_WARN_UNREACHABLE_CODE = YES;
				CLANG_WARN__DUPLICATE_METHOD_MATCH = YES;
				CODE_SIGN_IDENTITY = "-";
				COPY_PHASE_STRIP = NO;
				DEBUG_INFORMATION_FORMAT = "dwarf-with-dsym";
				ENABLE_NS_ASSERTIONS = NO;
				ENABLE_STRICT_OBJC_MSGSEND = YES;
				GCC_C_LANGUAGE_STANDARD = gnu11;
				GCC_NO_COMMON_BLOCKS = YES;
				GCC_WARN_64_TO_32_BIT_CONVERSION = YES;
				GCC_WARN_ABOUT_RETURN_TYPE = YES_ERROR;
				GCC_WARN_UNDECLARED_SELECTOR = YES;
				GCC_WARN_UNINITIALIZED_AUTOS = YES_AGGRESSIVE;
				GCC_WARN_UNUSED_FUNCTION = YES;
				GCC_WARN_UNUSED_VARIABLE = YES;
				MACOSX_DEPLOYMENT_TARGET = 10.14;
				MTL_ENABLE_DEBUG_INFO = NO;
				MTL_FAST_MATH = YES;
				SDKROOT = macosx;
				SWIFT_COMPILATION_MODE = wholemodule;
				SWIFT_OPTIMIZATION_LEVEL = "-O";
			};
			name = Release;
		};
		6692AF1322A0379300302912 /* Debug */ = {
			isa = XCBuildConfiguration;
			baseConfigurationReference = 35B28DC97C5F097E2FC8A503 /* Pods-benchmark.debug.xcconfig */;
			buildSettings = {
				CODE_SIGN_STYLE = Automatic;
				PRODUCT_NAME = "$(TARGET_NAME)";
				SWIFT_VERSION = 5.0;
			};
			name = Debug;
		};
		6692AF1422A0379300302912 /* Release */ = {
			isa = XCBuildConfiguration;
			baseConfigurationReference = E16076F6377E3B05C76D0ED1 /* Pods-benchmark.release.xcconfig */;
			buildSettings = {
				CODE_SIGN_STYLE = Automatic;
				PRODUCT_NAME = "$(TARGET_NAME)";
				SWIFT_VERSION = 5.0;
			};
			name = Release;
		};
/* End XCBuildConfiguration section */

/* Begin XCConfigurationList section */
		6692AF0622A0379300302912 /* Build configuration list for PBXProject "benchmark" */ = {
			isa = XCConfigurationList;
			buildConfigurations = (
				6692AF1022A0379300302912 /* Debug */,
				6692AF1122A0379300302912 /* Release */,
			);
			defaultConfigurationIsVisible = 0;
			defaultConfigurationName = Release;
		};
		6692AF1222A0379300302912 /* Build configuration list for PBXNativeTarget "benchmark" */ = {
			isa = XCConfigurationList;
			buildConfigurations = (
				6692AF1322A0379300302912 /* Debug */,
				6692AF1422A0379300302912 /* Release */,
			);
			defaultConfigurationIsVisible = 0;
			defaultConfigurationName = Release;
		};
/* End XCConfigurationList section */
	};
	rootObject = 6692AF0322A0379300302912 /* Project object */;
}
