{
  "object": {
    "pins": [
      {
        "package": "swift-atomics",
        "repositoryURL": "https://github.com/apple/swift-atomics.git",
        "state": {
          "branch": null,
          "revision": "26e346cd64f6b92d4089e7fafe2f8e82f60ddb8c",
          "version": "0.0.2"
        }
      }
    ]
  },
  "version": 1
}
