// !$*UTF8*$!
{
	archiveVersion = 1;
	classes = {
	};
	objectVersion = 46;
	objects = {

/* Begin PBXAggregateTarget section */
		"FutureQ::FutureQPackageTests::ProductTarget" /* FutureQPackageTests */ = {
			isa = PBXAggregateTarget;
			buildConfigurationList = OBJ_101 /* Build configuration list for PBXAggregateTarget "FutureQPackageTests" */;
			buildPhases = (
			);
			dependencies = (
				OBJ_104 /* PBXTargetDependency */,
			);
			name = FutureQPackageTests;
			productName = FutureQPackageTests;
		};
/* End PBXAggregateTarget section */

/* Begin PBXBuildFile section */
		625AC68622A50B5900744281 /* FutureTests.swift in Sources */ = {isa = PBXBuildFile; fileRef = 625AC68522A50B5900744281 /* FutureTests.swift */; };
		625AC71522A50D9700744281 /* Helpers.swift in Sources */ = {isa = PBXBuildFile; fileRef = 625AC71422A50D9700744281 /* Helpers.swift */; };
		625AC7A622A5149300744281 /* yield.swift in Sources */ = {isa = PBXBuildFile; fileRef = 625AC7A522A5149300744281 /* yield.swift */; };
		625AC7A922A519A300744281 /* FeaturesTests.swift in Sources */ = {isa = PBXBuildFile; fileRef = 625AC7A722A515E800744281 /* FeaturesTests.swift */; };
		625AC7AB22A51B6800744281 /* mute.swift in Sources */ = {isa = PBXBuildFile; fileRef = 625AC7AA22A51B6800744281 /* mute.swift */; };
		625AC7AD22A51BA600744281 /* hush.swift in Sources */ = {isa = PBXBuildFile; fileRef = 625AC7AC22A51BA600744281 /* hush.swift */; };
		625E9DB222A0D1BF004EA851 /* Lock.swift in Sources */ = {isa = PBXBuildFile; fileRef = 625E9DB122A0D1BF004EA851 /* Lock.swift */; };
		625E9DBB22A13046004EA851 /* delay.swift in Sources */ = {isa = PBXBuildFile; fileRef = 625E9DBA22A13046004EA851 /* delay.swift */; };
		6692AF3022A17AC500302912 /* validate.swift in Sources */ = {isa = PBXBuildFile; fileRef = 6692AF2F22A17AC500302912 /* validate.swift */; };
		6692AF3222A17FF000302912 /* return.swift in Sources */ = {isa = PBXBuildFile; fileRef = 6692AF3122A17FF000302912 /* return.swift */; };
		6692AF3722A2347C00302912 /* always.swift in Sources */ = {isa = PBXBuildFile; fileRef = 6692AF3622A2347C00302912 /* always.swift */; };
		6692AF3922A235AF00302912 /* retry.swift in Sources */ = {isa = PBXBuildFile; fileRef = 6692AF3822A235AF00302912 /* retry.swift */; };
		6692AF3E22A241FA00302912 /* flat.swift in Sources */ = {isa = PBXBuildFile; fileRef = 6692AF3D22A241FA00302912 /* flat.swift */; };
		6692AF4222A271C700302912 /* Thenable.swift in Sources */ = {isa = PBXBuildFile; fileRef = 6692AF4122A271C700302912 /* Thenable.swift */; };
		6692AF4522A2DE0800302912 /* and.swift in Sources */ = {isa = PBXBuildFile; fileRef = 6692AF4422A2DE0800302912 /* and.swift */; };
		66E485DE22A69FD6008A9E7D /* Async.swift in Sources */ = {isa = PBXBuildFile; fileRef = 66E485DD22A69FD6008A9E7D /* Async.swift */; };
		66E485E022A6A4D8008A9E7D /* done.swift in Sources */ = {isa = PBXBuildFile; fileRef = 66E485DF22A6A4D8008A9E7D /* done.swift */; };
		66E485E222A6B09B008A9E7D /* AsyncTests.swift in Sources */ = {isa = PBXBuildFile; fileRef = 66E485E122A6B09B008A9E7D /* AsyncTests.swift */; };
		OBJ_111 /* XCTestManifests.swift in Sources */ = {isa = PBXBuildFile; fileRef = OBJ_47 /* XCTestManifests.swift */; };
		OBJ_113 /* FutureQ.framework in Frameworks */ = {isa = PBXBuildFile; fileRef = "FutureQ::FutureQ::Product" /* FutureQ.framework */; };
		OBJ_61 /* any.swift in Sources */ = {isa = PBXBuildFile; fileRef = OBJ_11 /* any.swift */; };
		OBJ_62 /* asAny.swift in Sources */ = {isa = PBXBuildFile; fileRef = OBJ_12 /* asAny.swift */; };
		OBJ_63 /* asVoid.swift in Sources */ = {isa = PBXBuildFile; fileRef = OBJ_13 /* asVoid.swift */; };
		OBJ_64 /* catch.swift in Sources */ = {isa = PBXBuildFile; fileRef = OBJ_14 /* catch.swift */; };
		OBJ_69 /* finally.swift in Sources */ = {isa = PBXBuildFile; fileRef = OBJ_19 /* finally.swift */; };
		OBJ_70 /* flatMap.swift in Sources */ = {isa = PBXBuildFile; fileRef = OBJ_20 /* flatMap.swift */; };
		OBJ_71 /* map.swift in Sources */ = {isa = PBXBuildFile; fileRef = OBJ_21 /* map.swift */; };
		OBJ_72 /* pipe.swift in Sources */ = {isa = PBXBuildFile; fileRef = OBJ_22 /* pipe.swift */; };
		OBJ_73 /* race.swift in Sources */ = {isa = PBXBuildFile; fileRef = OBJ_23 /* race.swift */; };
		OBJ_74 /* recover.swift in Sources */ = {isa = PBXBuildFile; fileRef = OBJ_24 /* recover.swift */; };
		OBJ_75 /* reduce.swift in Sources */ = {isa = PBXBuildFile; fileRef = OBJ_25 /* reduce.swift */; };
		OBJ_76 /* some.swift in Sources */ = {isa = PBXBuildFile; fileRef = OBJ_26 /* some.swift */; };
		OBJ_77 /* tap.swift in Sources */ = {isa = PBXBuildFile; fileRef = OBJ_27 /* tap.swift */; };
		OBJ_78 /* then.swift in Sources */ = {isa = PBXBuildFile; fileRef = OBJ_28 /* then.swift */; };
		OBJ_79 /* timeout.swift in Sources */ = {isa = PBXBuildFile; fileRef = OBJ_29 /* timeout.swift */; };
		OBJ_80 /* wait.swift in Sources */ = {isa = PBXBuildFile; fileRef = OBJ_30 /* wait.swift */; };
		OBJ_81 /* whenAll.T.swift in Sources */ = {isa = PBXBuildFile; fileRef = OBJ_31 /* whenAll.T.swift */; };
		OBJ_82 /* whenAll.swift in Sources */ = {isa = PBXBuildFile; fileRef = OBJ_32 /* whenAll.swift */; };
		OBJ_83 /* whenAllVoid.T.swift in Sources */ = {isa = PBXBuildFile; fileRef = OBJ_33 /* whenAllVoid.T.swift */; };
		OBJ_84 /* whenAllVoid.swift in Sources */ = {isa = PBXBuildFile; fileRef = OBJ_34 /* whenAllVoid.swift */; };
		OBJ_85 /* whenAny.T.swift in Sources */ = {isa = PBXBuildFile; fileRef = OBJ_35 /* whenAny.T.swift */; };
		OBJ_86 /* whenAny.swift in Sources */ = {isa = PBXBuildFile; fileRef = OBJ_36 /* whenAny.swift */; };
		OBJ_88 /* Future.swift in Sources */ = {isa = PBXBuildFile; fileRef = OBJ_38 /* Future.swift */; };
		OBJ_89 /* FutureError.swift in Sources */ = {isa = PBXBuildFile; fileRef = OBJ_39 /* FutureError.swift */; };
		OBJ_90 /* Atomic.swift in Sources */ = {isa = PBXBuildFile; fileRef = OBJ_41 /* Atomic.swift */; };
		OBJ_91 /* Ex.swift in Sources */ = {isa = PBXBuildFile; fileRef = OBJ_42 /* Ex.swift */; };
		OBJ_92 /* Promise.swift in Sources */ = {isa = PBXBuildFile; fileRef = OBJ_43 /* Promise.swift */; };
		OBJ_99 /* Package.swift in Sources */ = {isa = PBXBuildFile; fileRef = OBJ_6 /* Package.swift */; };
/* End PBXBuildFile section */

/* Begin PBXContainerItemProxy section */
		625E9D2222A0CC19004EA851 /* PBXContainerItemProxy */ = {
			isa = PBXContainerItemProxy;
			containerPortal = OBJ_1 /* Project object */;
			proxyType = 1;
			remoteGlobalIDString = "FutureQ::FutureQ";
			remoteInfo = FutureQ;
		};
		625E9D2322A0CC1B004EA851 /* PBXContainerItemProxy */ = {
			isa = PBXContainerItemProxy;
			containerPortal = OBJ_1 /* Project object */;
			proxyType = 1;
			remoteGlobalIDString = "FutureQ::FutureQTests";
			remoteInfo = FutureQTests;
		};
/* End PBXContainerItemProxy section */

/* Begin PBXFileReference section */
		625AC68522A50B5900744281 /* FutureTests.swift */ = {isa = PBXFileReference; lastKnownFileType = sourcecode.swift; path = FutureTests.swift; sourceTree = "<group>"; };
		625AC71422A50D9700744281 /* Helpers.swift */ = {isa = PBXFileReference; lastKnownFileType = sourcecode.swift; path = Helpers.swift; sourceTree = "<group>"; };
		625AC7A522A5149300744281 /* yield.swift */ = {isa = PBXFileReference; lastKnownFileType = sourcecode.swift; path = yield.swift; sourceTree = "<group>"; };
		625AC7A722A515E800744281 /* FeaturesTests.swift */ = {isa = PBXFileReference; lastKnownFileType = sourcecode.swift; path = FeaturesTests.swift; sourceTree = "<group>"; };
		625AC7AA22A51B6800744281 /* mute.swift */ = {isa = PBXFileReference; lastKnownFileType = sourcecode.swift; path = mute.swift; sourceTree = "<group>"; };
		625AC7AC22A51BA600744281 /* hush.swift */ = {isa = PBXFileReference; lastKnownFileType = sourcecode.swift; path = hush.swift; sourceTree = "<group>"; };
		625E9DB122A0D1BF004EA851 /* Lock.swift */ = {isa = PBXFileReference; lastKnownFileType = sourcecode.swift; path = Lock.swift; sourceTree = "<group>"; };
		625E9DBA22A13046004EA851 /* delay.swift */ = {isa = PBXFileReference; lastKnownFileType = sourcecode.swift; path = delay.swift; sourceTree = "<group>"; };
		6692AF2F22A17AC500302912 /* validate.swift */ = {isa = PBXFileReference; lastKnownFileType = sourcecode.swift; path = validate.swift; sourceTree = "<group>"; };
		6692AF3122A17FF000302912 /* return.swift */ = {isa = PBXFileReference; lastKnownFileType = sourcecode.swift; path = return.swift; sourceTree = "<group>"; };
		6692AF3622A2347C00302912 /* always.swift */ = {isa = PBXFileReference; lastKnownFileType = sourcecode.swift; path = always.swift; sourceTree = "<group>"; };
		6692AF3822A235AF00302912 /* retry.swift */ = {isa = PBXFileReference; lastKnownFileType = sourcecode.swift; path = retry.swift; sourceTree = "<group>"; };
		6692AF3D22A241FA00302912 /* flat.swift */ = {isa = PBXFileReference; lastKnownFileType = sourcecode.swift; path = flat.swift; sourceTree = "<group>"; };
		6692AF4122A271C700302912 /* Thenable.swift */ = {isa = PBXFileReference; lastKnownFileType = sourcecode.swift; path = Thenable.swift; sourceTree = "<group>"; };
		6692AF4422A2DE0800302912 /* and.swift */ = {isa = PBXFileReference; lastKnownFileType = sourcecode.swift; path = and.swift; sourceTree = "<group>"; };
		66E485DD22A69FD6008A9E7D /* Async.swift */ = {isa = PBXFileReference; lastKnownFileType = sourcecode.swift; path = Async.swift; sourceTree = "<group>"; };
		66E485DF22A6A4D8008A9E7D /* done.swift */ = {isa = PBXFileReference; lastKnownFileType = sourcecode.swift; path = done.swift; sourceTree = "<group>"; };
		66E485E122A6B09B008A9E7D /* AsyncTests.swift */ = {isa = PBXFileReference; lastKnownFileType = sourcecode.swift; path = AsyncTests.swift; sourceTree = "<group>"; };
		"FutureQ::FutureQ::Product" /* FutureQ.framework */ = {isa = PBXFileReference; lastKnownFileType = wrapper.framework; path = FutureQ.framework; sourceTree = BUILT_PRODUCTS_DIR; };
		"FutureQ::FutureQTests::Product" /* FutureQTests.xctest */ = {isa = PBXFileReference; lastKnownFileType = file; path = FutureQTests.xctest; sourceTree = BUILT_PRODUCTS_DIR; };
		OBJ_11 /* any.swift */ = {isa = PBXFileReference; lastKnownFileType = sourcecode.swift; path = any.swift; sourceTree = "<group>"; };
		OBJ_12 /* asAny.swift */ = {isa = PBXFileReference; lastKnownFileType = sourcecode.swift; path = asAny.swift; sourceTree = "<group>"; };
		OBJ_13 /* asVoid.swift */ = {isa = PBXFileReference; lastKnownFileType = sourcecode.swift; path = asVoid.swift; sourceTree = "<group>"; };
		OBJ_14 /* catch.swift */ = {isa = PBXFileReference; lastKnownFileType = sourcecode.swift; path = catch.swift; sourceTree = "<group>"; };
		OBJ_19 /* finally.swift */ = {isa = PBXFileReference; lastKnownFileType = sourcecode.swift; path = finally.swift; sourceTree = "<group>"; };
		OBJ_20 /* flatMap.swift */ = {isa = PBXFileReference; lastKnownFileType = sourcecode.swift; path = flatMap.swift; sourceTree = "<group>"; };
		OBJ_21 /* map.swift */ = {isa = PBXFileReference; lastKnownFileType = sourcecode.swift; path = map.swift; sourceTree = "<group>"; };
		OBJ_22 /* pipe.swift */ = {isa = PBXFileReference; lastKnownFileType = sourcecode.swift; path = pipe.swift; sourceTree = "<group>"; };
		OBJ_23 /* race.swift */ = {isa = PBXFileReference; lastKnownFileType = sourcecode.swift; path = race.swift; sourceTree = "<group>"; };
		OBJ_24 /* recover.swift */ = {isa = PBXFileReference; lastKnownFileType = sourcecode.swift; path = recover.swift; sourceTree = "<group>"; };
		OBJ_25 /* reduce.swift */ = {isa = PBXFileReference; lastKnownFileType = sourcecode.swift; path = reduce.swift; sourceTree = "<group>"; };
		OBJ_26 /* some.swift */ = {isa = PBXFileReference; lastKnownFileType = sourcecode.swift; path = some.swift; sourceTree = "<group>"; };
		OBJ_27 /* tap.swift */ = {isa = PBXFileReference; lastKnownFileType = sourcecode.swift; path = tap.swift; sourceTree = "<group>"; };
		OBJ_28 /* then.swift */ = {isa = PBXFileReference; lastKnownFileType = sourcecode.swift; path = then.swift; sourceTree = "<group>"; };
		OBJ_29 /* timeout.swift */ = {isa = PBXFileReference; lastKnownFileType = sourcecode.swift; path = timeout.swift; sourceTree = "<group>"; };
		OBJ_30 /* wait.swift */ = {isa = PBXFileReference; lastKnownFileType = sourcecode.swift; path = wait.swift; sourceTree = "<group>"; };
		OBJ_31 /* whenAll.T.swift */ = {isa = PBXFileReference; lastKnownFileType = sourcecode.swift; path = whenAll.T.swift; sourceTree = "<group>"; };
		OBJ_32 /* whenAll.swift */ = {isa = PBXFileReference; lastKnownFileType = sourcecode.swift; path = whenAll.swift; sourceTree = "<group>"; };
		OBJ_33 /* whenAllVoid.T.swift */ = {isa = PBXFileReference; lastKnownFileType = sourcecode.swift; path = whenAllVoid.T.swift; sourceTree = "<group>"; };
		OBJ_34 /* whenAllVoid.swift */ = {isa = PBXFileReference; lastKnownFileType = sourcecode.swift; path = whenAllVoid.swift; sourceTree = "<group>"; };
		OBJ_35 /* whenAny.T.swift */ = {isa = PBXFileReference; lastKnownFileType = sourcecode.swift; path = whenAny.T.swift; sourceTree = "<group>"; };
		OBJ_36 /* whenAny.swift */ = {isa = PBXFileReference; lastKnownFileType = sourcecode.swift; path = whenAny.swift; sourceTree = "<group>"; };
		OBJ_38 /* Future.swift */ = {isa = PBXFileReference; lastKnownFileType = sourcecode.swift; path = Future.swift; sourceTree = "<group>"; };
		OBJ_39 /* FutureError.swift */ = {isa = PBXFileReference; lastKnownFileType = sourcecode.swift; path = FutureError.swift; sourceTree = "<group>"; };
		OBJ_41 /* Atomic.swift */ = {isa = PBXFileReference; lastKnownFileType = sourcecode.swift; path = Atomic.swift; sourceTree = "<group>"; };
		OBJ_42 /* Ex.swift */ = {isa = PBXFileReference; lastKnownFileType = sourcecode.swift; path = Ex.swift; sourceTree = "<group>"; };
		OBJ_43 /* Promise.swift */ = {isa = PBXFileReference; lastKnownFileType = sourcecode.swift; path = Promise.swift; sourceTree = "<group>"; };
		OBJ_47 /* XCTestManifests.swift */ = {isa = PBXFileReference; lastKnownFileType = sourcecode.swift; path = XCTestManifests.swift; sourceTree = "<group>"; };
		OBJ_52 /* utils */ = {isa = PBXFileReference; lastKnownFileType = folder; path = utils; sourceTree = SOURCE_ROOT; };
		OBJ_53 /* README.md */ = {isa = PBXFileReference; lastKnownFileType = net.daringfireball.markdown; path = README.md; sourceTree = "<group>"; };
		OBJ_54 /* FutureQ.podspec */ = {isa = PBXFileReference; lastKnownFileType = text; path = FutureQ.podspec; sourceTree = "<group>"; };
		OBJ_6 /* Package.swift */ = {isa = PBXFileReference; explicitFileType = sourcecode.swift; path = Package.swift; sourceTree = "<group>"; };
/* End PBXFileReference section */

/* Begin PBXFrameworksBuildPhase section */
		OBJ_112 /* Frameworks */ = {
			isa = PBXFrameworksBuildPhase;
			buildActionMask = 0;
			files = (
				OBJ_113 /* FutureQ.framework in Frameworks */,
			);
			runOnlyForDeploymentPostprocessing = 0;
		};
		OBJ_93 /* Frameworks */ = {
			isa = PBXFrameworksBuildPhase;
			buildActionMask = 0;
			files = (
			);
			runOnlyForDeploymentPostprocessing = 0;
		};
/* End PBXFrameworksBuildPhase section */

/* Begin PBXGroup section */
		OBJ_10 /* Features */ = {
			isa = PBXGroup;
			children = (
				6692AF3622A2347C00302912 /* always.swift */,
				6692AF4422A2DE0800302912 /* and.swift */,
				OBJ_11 /* any.swift */,
				OBJ_12 /* asAny.swift */,
				OBJ_13 /* asVoid.swift */,
				OBJ_14 /* catch.swift */,
				625E9DBA22A13046004EA851 /* delay.swift */,
				66E485DF22A6A4D8008A9E7D /* done.swift */,
				OBJ_19 /* finally.swift */,
				6692AF3D22A241FA00302912 /* flat.swift */,
				OBJ_20 /* flatMap.swift */,
				625AC7AC22A51BA600744281 /* hush.swift */,
				OBJ_21 /* map.swift */,
				625AC7AA22A51B6800744281 /* mute.swift */,
				OBJ_22 /* pipe.swift */,
				OBJ_23 /* race.swift */,
				OBJ_24 /* recover.swift */,
				OBJ_25 /* reduce.swift */,
				6692AF3822A235AF00302912 /* retry.swift */,
				6692AF3122A17FF000302912 /* return.swift */,
				OBJ_26 /* some.swift */,
				OBJ_27 /* tap.swift */,
				OBJ_28 /* then.swift */,
				OBJ_29 /* timeout.swift */,
				6692AF2F22A17AC500302912 /* validate.swift */,
				OBJ_30 /* wait.swift */,
				OBJ_32 /* whenAll.swift */,
				OBJ_31 /* whenAll.T.swift */,
				OBJ_34 /* whenAllVoid.swift */,
				OBJ_33 /* whenAllVoid.T.swift */,
				OBJ_36 /* whenAny.swift */,
				OBJ_35 /* whenAny.T.swift */,
				625AC7A522A5149300744281 /* yield.swift */,
			);
			path = Features;
			sourceTree = "<group>";
		};
		OBJ_40 /* Helpers */ = {
			isa = PBXGroup;
			children = (
				OBJ_41 /* Atomic.swift */,
				OBJ_42 /* Ex.swift */,
				625E9DB122A0D1BF004EA851 /* Lock.swift */,
			);
			path = Helpers;
			sourceTree = "<group>";
		};
		OBJ_44 /* Tests */ = {
			isa = PBXGroup;
			children = (
				OBJ_45 /* FutureQTests */,
			);
			name = Tests;
			sourceTree = SOURCE_ROOT;
		};
		OBJ_45 /* FutureQTests */ = {
			isa = PBXGroup;
			children = (
				OBJ_47 /* XCTestManifests.swift */,
				625AC68522A50B5900744281 /* FutureTests.swift */,
				625AC71422A50D9700744281 /* Helpers.swift */,
				625AC7A722A515E800744281 /* FeaturesTests.swift */,
				66E485E122A6B09B008A9E7D /* AsyncTests.swift */,
			);
			name = FutureQTests;
			path = Tests/FutureQTests;
			sourceTree = SOURCE_ROOT;
		};
		OBJ_48 /* Products */ = {
			isa = PBXGroup;
			children = (
				"FutureQ::FutureQTests::Product" /* FutureQTests.xctest */,
				"FutureQ::FutureQ::Product" /* FutureQ.framework */,
			);
			name = Products;
			sourceTree = BUILT_PRODUCTS_DIR;
		};
		OBJ_5 = {
			isa = PBXGroup;
			children = (
				OBJ_6 /* Package.swift */,
				OBJ_7 /* Sources */,
				OBJ_44 /* Tests */,
				OBJ_48 /* Products */,
				OBJ_52 /* utils */,
				OBJ_53 /* README.md */,
				OBJ_54 /* FutureQ.podspec */,
			);
			sourceTree = "<group>";
		};
		OBJ_7 /* Sources */ = {
			isa = PBXGroup;
			children = (
				OBJ_8 /* FutureQ */,
			);
			name = Sources;
			sourceTree = SOURCE_ROOT;
		};
		OBJ_8 /* FutureQ */ = {
			isa = PBXGroup;
			children = (
				66E485DD22A69FD6008A9E7D /* Async.swift */,
				OBJ_38 /* Future.swift */,
				OBJ_39 /* FutureError.swift */,
				OBJ_43 /* Promise.swift */,
				6692AF4122A271C700302912 /* Thenable.swift */,
				OBJ_10 /* Features */,
				OBJ_40 /* Helpers */,
			);
			name = FutureQ;
			path = Sources/FutureQ;
			sourceTree = SOURCE_ROOT;
		};
/* End PBXGroup section */

/* Begin PBXNativeTarget section */
		"FutureQ::FutureQ" /* FutureQ */ = {
			isa = PBXNativeTarget;
			buildConfigurationList = OBJ_56 /* Build configuration list for PBXNativeTarget "FutureQ" */;
			buildPhases = (
				OBJ_59 /* Sources */,
				OBJ_93 /* Frameworks */,
			);
			buildRules = (
			);
			dependencies = (
			);
			name = FutureQ;
			productName = FutureQ;
			productReference = "FutureQ::FutureQ::Product" /* FutureQ.framework */;
			productType = "com.apple.product-type.framework";
		};
		"FutureQ::FutureQTests" /* FutureQTests */ = {
			isa = PBXNativeTarget;
			buildConfigurationList = OBJ_106 /* Build configuration list for PBXNativeTarget "FutureQTests" */;
			buildPhases = (
				OBJ_109 /* Sources */,
				OBJ_112 /* Frameworks */,
			);
			buildRules = (
			);
			dependencies = (
				OBJ_114 /* PBXTargetDependency */,
			);
			name = FutureQTests;
			productName = FutureQTests;
			productReference = "FutureQ::FutureQTests::Product" /* FutureQTests.xctest */;
			productType = "com.apple.product-type.bundle.unit-test";
		};
		"FutureQ::SwiftPMPackageDescription" /* FutureQPackageDescription */ = {
			isa = PBXNativeTarget;
			buildConfigurationList = OBJ_95 /* Build configuration list for PBXNativeTarget "FutureQPackageDescription" */;
			buildPhases = (
				OBJ_98 /* Sources */,
			);
			buildRules = (
			);
			dependencies = (
			);
			name = FutureQPackageDescription;
			productName = FutureQPackageDescription;
			productType = "com.apple.product-type.framework";
		};
/* End PBXNativeTarget section */

/* Begin PBXProject section */
		OBJ_1 /* Project object */ = {
			isa = PBXProject;
			attributes = {
				LastSwiftMigration = 9999;
				LastUpgradeCheck = 9999;
			};
			buildConfigurationList = OBJ_2 /* Build configuration list for PBXProject "FutureQ" */;
			compatibilityVersion = "Xcode 3.2";
			developmentRegion = English;
			hasScannedForEncodings = 0;
			knownRegions = (
				English,
				en,
			);
			mainGroup = OBJ_5;
			productRefGroup = OBJ_48 /* Products */;
			projectDirPath = "";
			projectRoot = "";
			targets = (
				"FutureQ::FutureQ" /* FutureQ */,
				"FutureQ::SwiftPMPackageDescription" /* FutureQPackageDescription */,
				"FutureQ::FutureQPackageTests::ProductTarget" /* FutureQPackageTests */,
				"FutureQ::FutureQTests" /* FutureQTests */,
			);
		};
/* End PBXProject section */

/* Begin PBXSourcesBuildPhase section */
		OBJ_109 /* Sources */ = {
			isa = PBXSourcesBuildPhase;
			buildActionMask = 0;
			files = (
				625AC7A922A519A300744281 /* FeaturesTests.swift in Sources */,
				625AC68622A50B5900744281 /* FutureTests.swift in Sources */,
				625AC71522A50D9700744281 /* Helpers.swift in Sources */,
				66E485E222A6B09B008A9E7D /* AsyncTests.swift in Sources */,
				OBJ_111 /* XCTestManifests.swift in Sources */,
			);
			runOnlyForDeploymentPostprocessing = 0;
		};
		OBJ_59 /* Sources */ = {
			isa = PBXSourcesBuildPhase;
			buildActionMask = 0;
			files = (
				OBJ_61 /* any.swift in Sources */,
				OBJ_62 /* asAny.swift in Sources */,
				OBJ_63 /* asVoid.swift in Sources */,
				625E9DBB22A13046004EA851 /* delay.swift in Sources */,
				6692AF3222A17FF000302912 /* return.swift in Sources */,
				66E485DE22A69FD6008A9E7D /* Async.swift in Sources */,
				66E485E022A6A4D8008A9E7D /* done.swift in Sources */,
				OBJ_64 /* catch.swift in Sources */,
				6692AF3E22A241FA00302912 /* flat.swift in Sources */,
				OBJ_69 /* finally.swift in Sources */,
				OBJ_70 /* flatMap.swift in Sources */,
				OBJ_71 /* map.swift in Sources */,
				6692AF3722A2347C00302912 /* always.swift in Sources */,
				OBJ_72 /* pipe.swift in Sources */,
				OBJ_73 /* race.swift in Sources */,
				OBJ_74 /* recover.swift in Sources */,
				OBJ_75 /* reduce.swift in Sources */,
				OBJ_76 /* some.swift in Sources */,
				OBJ_77 /* tap.swift in Sources */,
				OBJ_78 /* then.swift in Sources */,
				OBJ_79 /* timeout.swift in Sources */,
				6692AF3922A235AF00302912 /* retry.swift in Sources */,
				OBJ_80 /* wait.swift in Sources */,
				OBJ_81 /* whenAll.T.swift in Sources */,
				OBJ_82 /* whenAll.swift in Sources */,
				OBJ_83 /* whenAllVoid.T.swift in Sources */,
				625AC7A622A5149300744281 /* yield.swift in Sources */,
				OBJ_84 /* whenAllVoid.swift in Sources */,
				6692AF3022A17AC500302912 /* validate.swift in Sources */,
				625AC7AD22A51BA600744281 /* hush.swift in Sources */,
				6692AF4222A271C700302912 /* Thenable.swift in Sources */,
				OBJ_85 /* whenAny.T.swift in Sources */,
				6692AF4522A2DE0800302912 /* and.swift in Sources */,
				625AC7AB22A51B6800744281 /* mute.swift in Sources */,
				625E9DB222A0D1BF004EA851 /* Lock.swift in Sources */,
				OBJ_86 /* whenAny.swift in Sources */,
				OBJ_88 /* Future.swift in Sources */,
				OBJ_89 /* FutureError.swift in Sources */,
				OBJ_90 /* Atomic.swift in Sources */,
				OBJ_91 /* Ex.swift in Sources */,
				OBJ_92 /* Promise.swift in Sources */,
			);
			runOnlyForDeploymentPostprocessing = 0;
		};
		OBJ_98 /* Sources */ = {
			isa = PBXSourcesBuildPhase;
			buildActionMask = 0;
			files = (
				OBJ_99 /* Package.swift in Sources */,
			);
			runOnlyForDeploymentPostprocessing = 0;
		};
/* End PBXSourcesBuildPhase section */

/* Begin PBXTargetDependency section */
		OBJ_104 /* PBXTargetDependency */ = {
			isa = PBXTargetDependency;
			target = "FutureQ::FutureQTests" /* FutureQTests */;
			targetProxy = 625E9D2322A0CC1B004EA851 /* PBXContainerItemProxy */;
		};
		OBJ_114 /* PBXTargetDependency */ = {
			isa = PBXTargetDependency;
			target = "FutureQ::FutureQ" /* FutureQ */;
			targetProxy = 625E9D2222A0CC19004EA851 /* PBXContainerItemProxy */;
		};
/* End PBXTargetDependency section */

/* Begin XCBuildConfiguration section */
		OBJ_102 /* Debug */ = {
			isa = XCBuildConfiguration;
			buildSettings = {
			};
			name = Debug;
		};
		OBJ_103 /* Release */ = {
			isa = XCBuildConfiguration;
			buildSettings = {
			};
			name = Release;
		};
		OBJ_107 /* Debug */ = {
			isa = XCBuildConfiguration;
			buildSettings = {
				CLANG_ENABLE_MODULES = YES;
				EMBEDDED_CONTENT_CONTAINS_SWIFT = YES;
				FRAMEWORK_SEARCH_PATHS = (
					"$(inherited)",
					"$(PLATFORM_DIR)/Developer/Library/Frameworks",
				);
				HEADER_SEARCH_PATHS = "$(inherited)";
				INFOPLIST_FILE = FutureQ.xcodeproj/FutureQTests_Info.plist;
				IPHONEOS_DEPLOYMENT_TARGET = 10.0;
				LD_RUNPATH_SEARCH_PATHS = "$(inherited) @loader_path/../Frameworks @loader_path/Frameworks";
				MACOSX_DEPLOYMENT_TARGET = 10.12;
				OTHER_CFLAGS = "$(inherited)";
				OTHER_LDFLAGS = "$(inherited)";
				OTHER_SWIFT_FLAGS = "$(inherited)";
				SWIFT_ACTIVE_COMPILATION_CONDITIONS = "$(inherited)";
				SWIFT_VERSION = 5.0;
				TARGET_NAME = FutureQTests;
				TVOS_DEPLOYMENT_TARGET = 10.0;
				WATCHOS_DEPLOYMENT_TARGET = 3.0;
			};
			name = Debug;
		};
		OBJ_108 /* Release */ = {
			isa = XCBuildConfiguration;
			buildSettings = {
				CLANG_ENABLE_MODULES = YES;
				EMBEDDED_CONTENT_CONTAINS_SWIFT = YES;
				FRAMEWORK_SEARCH_PATHS = (
					"$(inherited)",
					"$(PLATFORM_DIR)/Developer/Library/Frameworks",
				);
				HEADER_SEARCH_PATHS = "$(inherited)";
				INFOPLIST_FILE = FutureQ.xcodeproj/FutureQTests_Info.plist;
				IPHONEOS_DEPLOYMENT_TARGET = 10.0;
				LD_RUNPATH_SEARCH_PATHS = "$(inherited) @loader_path/../Frameworks @loader_path/Frameworks";
				MACOSX_DEPLOYMENT_TARGET = 10.12;
				OTHER_CFLAGS = "$(inherited)";
				OTHER_LDFLAGS = "$(inherited)";
				OTHER_SWIFT_FLAGS = "$(inherited)";
				SWIFT_ACTIVE_COMPILATION_CONDITIONS = "$(inherited)";
				SWIFT_VERSION = 5.0;
				TARGET_NAME = FutureQTests;
				TVOS_DEPLOYMENT_TARGET = 10.0;
				WATCHOS_DEPLOYMENT_TARGET = 3.0;
			};
			name = Release;
		};
		OBJ_3 /* Debug */ = {
			isa = XCBuildConfiguration;
			buildSettings = {
				CLANG_ENABLE_OBJC_ARC = YES;
				COMBINE_HIDPI_IMAGES = YES;
				COPY_PHASE_STRIP = NO;
				DEBUG_INFORMATION_FORMAT = dwarf;
				DYLIB_INSTALL_NAME_BASE = "@rpath";
				ENABLE_NS_ASSERTIONS = YES;
				GCC_OPTIMIZATION_LEVEL = 0;
				GCC_PREPROCESSOR_DEFINITIONS = (
					"$(inherited)",
					"SWIFT_PACKAGE=1",
					"DEBUG=1",
				);
				MACOSX_DEPLOYMENT_TARGET = 10.10;
				ONLY_ACTIVE_ARCH = YES;
				OTHER_SWIFT_FLAGS = "-DXcode";
				PRODUCT_NAME = "$(TARGET_NAME)";
				SDKROOT = macosx;
				SUPPORTED_PLATFORMS = "macosx iphoneos iphonesimulator appletvos appletvsimulator watchos watchsimulator";
				SWIFT_ACTIVE_COMPILATION_CONDITIONS = "$(inherited) SWIFT_PACKAGE DEBUG";
				SWIFT_OPTIMIZATION_LEVEL = "-Onone";
				USE_HEADERMAP = NO;
			};
			name = Debug;
		};
		OBJ_4 /* Release */ = {
			isa = XCBuildConfiguration;
			buildSettings = {
				CLANG_ENABLE_OBJC_ARC = YES;
				COMBINE_HIDPI_IMAGES = YES;
				COPY_PHASE_STRIP = YES;
				DEBUG_INFORMATION_FORMAT = "dwarf-with-dsym";
				DYLIB_INSTALL_NAME_BASE = "@rpath";
				GCC_OPTIMIZATION_LEVEL = s;
				GCC_PREPROCESSOR_DEFINITIONS = (
					"$(inherited)",
					"SWIFT_PACKAGE=1",
				);
				MACOSX_DEPLOYMENT_TARGET = 10.10;
				OTHER_SWIFT_FLAGS = "-DXcode";
				PRODUCT_NAME = "$(TARGET_NAME)";
				SDKROOT = macosx;
				SUPPORTED_PLATFORMS = "macosx iphoneos iphonesimulator appletvos appletvsimulator watchos watchsimulator";
				SWIFT_ACTIVE_COMPILATION_CONDITIONS = "$(inherited) SWIFT_PACKAGE";
				SWIFT_OPTIMIZATION_LEVEL = "-Owholemodule";
				USE_HEADERMAP = NO;
			};
			name = Release;
		};
		OBJ_57 /* Debug */ = {
			isa = XCBuildConfiguration;
			buildSettings = {
				ENABLE_TESTABILITY = YES;
				FRAMEWORK_SEARCH_PATHS = (
					"$(inherited)",
					"$(PLATFORM_DIR)/Developer/Library/Frameworks",
				);
				HEADER_SEARCH_PATHS = "$(inherited)";
				INFOPLIST_FILE = FutureQ.xcodeproj/FutureQ_Info.plist;
				IPHONEOS_DEPLOYMENT_TARGET = 10.0;
				LD_RUNPATH_SEARCH_PATHS = "$(inherited) $(TOOLCHAIN_DIR)/usr/lib/swift/macosx";
				MACOSX_DEPLOYMENT_TARGET = 10.12;
				OTHER_CFLAGS = "$(inherited)";
				OTHER_LDFLAGS = "$(inherited)";
				OTHER_SWIFT_FLAGS = "$(inherited)";
				PRODUCT_BUNDLE_IDENTIFIER = FutureQ;
				PRODUCT_MODULE_NAME = "$(TARGET_NAME:c99extidentifier)";
				PRODUCT_NAME = "$(TARGET_NAME:c99extidentifier)";
				SKIP_INSTALL = YES;
				SWIFT_ACTIVE_COMPILATION_CONDITIONS = "$(inherited)";
				SWIFT_VERSION = 5.0;
				TARGET_NAME = FutureQ;
				TVOS_DEPLOYMENT_TARGET = 10.0;
				WATCHOS_DEPLOYMENT_TARGET = 3.0;
			};
			name = Debug;
		};
		OBJ_58 /* Release */ = {
			isa = XCBuildConfiguration;
			buildSettings = {
				ENABLE_TESTABILITY = YES;
				FRAMEWORK_SEARCH_PATHS = (
					"$(inherited)",
					"$(PLATFORM_DIR)/Developer/Library/Frameworks",
				);
				HEADER_SEARCH_PATHS = "$(inherited)";
				INFOPLIST_FILE = FutureQ.xcodeproj/FutureQ_Info.plist;
				IPHONEOS_DEPLOYMENT_TARGET = 10.0;
				LD_RUNPATH_SEARCH_PATHS = "$(inherited) $(TOOLCHAIN_DIR)/usr/lib/swift/macosx";
				MACOSX_DEPLOYMENT_TARGET = 10.12;
				OTHER_CFLAGS = "$(inherited)";
				OTHER_LDFLAGS = "$(inherited)";
				OTHER_SWIFT_FLAGS = "$(inherited)";
				PRODUCT_BUNDLE_IDENTIFIER = FutureQ;
				PRODUCT_MODULE_NAME = "$(TARGET_NAME:c99extidentifier)";
				PRODUCT_NAME = "$(TARGET_NAME:c99extidentifier)";
				SKIP_INSTALL = YES;
				SWIFT_ACTIVE_COMPILATION_CONDITIONS = "$(inherited)";
				SWIFT_VERSION = 5.0;
				TARGET_NAME = FutureQ;
				TVOS_DEPLOYMENT_TARGET = 10.0;
				WATCHOS_DEPLOYMENT_TARGET = 3.0;
			};
			name = Release;
		};
		OBJ_96 /* Debug */ = {
			isa = XCBuildConfiguration;
			buildSettings = {
				LD = /usr/bin/true;
				OTHER_SWIFT_FLAGS = "-swift-version 5 -I $(TOOLCHAIN_DIR)/usr/lib/swift/pm/4_2 -target x86_64-apple-macosx10.10 -sdk /Applications/Xcode.app/Contents/Developer/Platforms/MacOSX.platform/Developer/SDKs/MacOSX10.14.sdk";
				SWIFT_VERSION = 5.0;
			};
			name = Debug;
		};
		OBJ_97 /* Release */ = {
			isa = XCBuildConfiguration;
			buildSettings = {
				LD = /usr/bin/true;
				OTHER_SWIFT_FLAGS = "-swift-version 5 -I $(TOOLCHAIN_DIR)/usr/lib/swift/pm/4_2 -target x86_64-apple-macosx10.10 -sdk /Applications/Xcode.app/Contents/Developer/Platforms/MacOSX.platform/Developer/SDKs/MacOSX10.14.sdk";
				SWIFT_VERSION = 5.0;
			};
			name = Release;
		};
/* End XCBuildConfiguration section */

/* Begin XCConfigurationList section */
		OBJ_101 /* Build configuration list for PBXAggregateTarget "FutureQPackageTests" */ = {
			isa = XCConfigurationList;
			buildConfigurations = (
				OBJ_102 /* Debug */,
				OBJ_103 /* Release */,
			);
			defaultConfigurationIsVisible = 0;
			defaultConfigurationName = Release;
		};
		OBJ_106 /* Build configuration list for PBXNativeTarget "FutureQTests" */ = {
			isa = XCConfigurationList;
			buildConfigurations = (
				OBJ_107 /* Debug */,
				OBJ_108 /* Release */,
			);
			defaultConfigurationIsVisible = 0;
			defaultConfigurationName = Release;
		};
		OBJ_2 /* Build configuration list for PBXProject "FutureQ" */ = {
			isa = XCConfigurationList;
			buildConfigurations = (
				OBJ_3 /* Debug */,
				OBJ_4 /* Release */,
			);
			defaultConfigurationIsVisible = 0;
			defaultConfigurationName = Release;
		};
		OBJ_56 /* Build configuration list for PBXNativeTarget "FutureQ" */ = {
			isa = XCConfigurationList;
			buildConfigurations = (
				OBJ_57 /* Debug */,
				OBJ_58 /* Release */,
			);
			defaultConfigurationIsVisible = 0;
			defaultConfigurationName = Release;
		};
		OBJ_95 /* Build configuration list for PBXNativeTarget "FutureQPackageDescription" */ = {
			isa = XCConfigurationList;
			buildConfigurations = (
				OBJ_96 /* Debug */,
				OBJ_97 /* Release */,
			);
			defaultConfigurationIsVisible = 0;
			defaultConfigurationName = Release;
		};
/* End XCConfigurationList section */
	};
	rootObject = OBJ_1 /* Project object */;
}
